// !$*UTF8*$!
{
	archiveVersion = 1;
	classes = {
	};
	objectVersion = 56;
	objects = {

/* Begin PBXBuildFile section */
		8404F5E62C00BBB9000B6A09 /* AppDelegate.swift in Sources */ = {isa = PBXBuildFile; fileRef = 8404F5E52C00BBB9000B6A09 /* AppDelegate.swift */; };
		8404F5E82C00BBB9000B6A09 /* SceneDelegate.swift in Sources */ = {isa = PBXBuildFile; fileRef = 8404F5E72C00BBB9000B6A09 /* SceneDelegate.swift */; };
		8404F5EF2C00BBBB000B6A09 /* Assets.xcassets in Resources */ = {isa = PBXBuildFile; fileRef = 8404F5EE2C00BBBB000B6A09 /* Assets.xcassets */; };
		8404F5F22C00BBBB000B6A09 /* Base in Resources */ = {isa = PBXBuildFile; fileRef = 8404F5F12C00BBBB000B6A09 /* Base */; };
		8404F5FF2C00C53F000B6A09 /* ColorExtension.swift in Sources */ = {isa = PBXBuildFile; fileRef = 8404F5FE2C00C53F000B6A09 /* ColorExtension.swift */; };
		8404F6182C00C854000B6A09 /* NavigationVC.swift in Sources */ = {isa = PBXBuildFile; fileRef = 8404F6172C00C854000B6A09 /* NavigationVC.swift */; };
		8404F61A2C00C863000B6A09 /* Coordinator.swift in Sources */ = {isa = PBXBuildFile; fileRef = 8404F6192C00C863000B6A09 /* Coordinator.swift */; };
		8404F61F2C00C8D3000B6A09 /* TermsAndPrivacyViewModel.swift in Sources */ = {isa = PBXBuildFile; fileRef = 8404F61E2C00C8D3000B6A09 /* TermsAndPrivacyViewModel.swift */; };
		8404F6212C00C91E000B6A09 /* TabViewVC.swift in Sources */ = {isa = PBXBuildFile; fileRef = 8404F6202C00C91E000B6A09 /* TabViewVC.swift */; };
		8404F6232C00C9A9000B6A09 /* PreloaderView.swift in Sources */ = {isa = PBXBuildFile; fileRef = 8404F6222C00C9A9000B6A09 /* PreloaderView.swift */; };
		8404F6252C00C9B7000B6A09 /* OnboardingView.swift in Sources */ = {isa = PBXBuildFile; fileRef = 8404F6242C00C9B7000B6A09 /* OnboardingView.swift */; };
		8404F6272C00C9C4000B6A09 /* SettingsView.swift in Sources */ = {isa = PBXBuildFile; fileRef = 8404F6262C00C9C4000B6A09 /* SettingsView.swift */; };
		8404F6292C00C9DD000B6A09 /* TabViewBottom.swift in Sources */ = {isa = PBXBuildFile; fileRef = 8404F6282C00C9DD000B6A09 /* TabViewBottom.swift */; };
		8404F62B2C00CA1A000B6A09 /* SpinnerView.swift in Sources */ = {isa = PBXBuildFile; fileRef = 8404F62A2C00CA1A000B6A09 /* SpinnerView.swift */; };
		8404F62F2C04B794000B6A09 /* Sombra-Thin.ttf in Resources */ = {isa = PBXBuildFile; fileRef = 8404F62E2C04B794000B6A09 /* Sombra-Thin.ttf */; };
		8404F6312C04B7AD000B6A09 /* Sombra-Medium.ttf in Resources */ = {isa = PBXBuildFile; fileRef = 8404F6302C04B7AC000B6A09 /* Sombra-Medium.ttf */; };
		8404F6332C04B7B8000B6A09 /* Sombra-Bold.ttf in Resources */ = {isa = PBXBuildFile; fileRef = 8404F6322C04B7B8000B6A09 /* Sombra-Bold.ttf */; };
		8404F6352C04B8E8000B6A09 /* PreloaderViewModel.swift in Sources */ = {isa = PBXBuildFile; fileRef = 8404F6342C04B8E8000B6A09 /* PreloaderViewModel.swift */; };
		8404F6372C04B93C000B6A09 /* OnBoardingViewModel.swift in Sources */ = {isa = PBXBuildFile; fileRef = 8404F6362C04B93C000B6A09 /* OnBoardingViewModel.swift */; };
		8404F63A2C04B9CF000B6A09 /* TextExtension.swift in Sources */ = {isa = PBXBuildFile; fileRef = 8404F6392C04B9CF000B6A09 /* TextExtension.swift */; };
		8404F63E2C04BAEF000B6A09 /* Sombra-Black.ttf in Resources */ = {isa = PBXBuildFile; fileRef = 8404F63D2C04BAEF000B6A09 /* Sombra-Black.ttf */; };
		8404F6402C04BCD1000B6A09 /* TabViewModel.swift in Sources */ = {isa = PBXBuildFile; fileRef = 8404F63F2C04BCD1000B6A09 /* TabViewModel.swift */; };
		8404F6422C04C858000B6A09 /* SettingsViewModel.swift in Sources */ = {isa = PBXBuildFile; fileRef = 8404F6412C04C858000B6A09 /* SettingsViewModel.swift */; };
		8404F6442C04C925000B6A09 /* CoachViewModel.swift in Sources */ = {isa = PBXBuildFile; fileRef = 8404F6432C04C925000B6A09 /* CoachViewModel.swift */; };
		8404F6462C04C94C000B6A09 /* PlannerViewModel.swift in Sources */ = {isa = PBXBuildFile; fileRef = 8404F6452C04C94C000B6A09 /* PlannerViewModel.swift */; };
		8404F6482C04CA45000B6A09 /* GamesViewModel.swift in Sources */ = {isa = PBXBuildFile; fileRef = 8404F6472C04CA45000B6A09 /* GamesViewModel.swift */; };
		8404F64A2C04CA81000B6A09 /* AppData.swift in Sources */ = {isa = PBXBuildFile; fileRef = 8404F6492C04CA81000B6A09 /* AppData.swift */; };
		8404F64D2C04CB57000B6A09 /* Keys.swift in Sources */ = {isa = PBXBuildFile; fileRef = 8404F64C2C04CB57000B6A09 /* Keys.swift */; };
		8404F64F2C04CE7F000B6A09 /* GamesView.swift in Sources */ = {isa = PBXBuildFile; fileRef = 8404F64E2C04CE7F000B6A09 /* GamesView.swift */; };
		8404F6512C04CEC1000B6A09 /* CoachView.swift in Sources */ = {isa = PBXBuildFile; fileRef = 8404F6502C04CEC1000B6A09 /* CoachView.swift */; };
		8404F6532C04CF04000B6A09 /* PlannerView.swift in Sources */ = {isa = PBXBuildFile; fileRef = 8404F6522C04CF04000B6A09 /* PlannerView.swift */; };
		8404F6552C04D7E9000B6A09 /* Montserrat-Regular.ttf in Resources */ = {isa = PBXBuildFile; fileRef = 8404F6542C04D7E9000B6A09 /* Montserrat-Regular.ttf */; };
		8404F6572C04D81D000B6A09 /* Montserrat-Medium.ttf in Resources */ = {isa = PBXBuildFile; fileRef = 8404F6562C04D81D000B6A09 /* Montserrat-Medium.ttf */; };
		8404F65A2C04D9E2000B6A09 /* ImageExtension.swift in Sources */ = {isa = PBXBuildFile; fileRef = 8404F6592C04D9E2000B6A09 /* ImageExtension.swift */; };
		8404F65C2C04E779000B6A09 /* TermsPolicy.swift in Sources */ = {isa = PBXBuildFile; fileRef = 8404F65B2C04E779000B6A09 /* TermsPolicy.swift */; };
		8404F65F2C05F88F000B6A09 /* CoachCell.swift in Sources */ = {isa = PBXBuildFile; fileRef = 8404F65E2C05F88F000B6A09 /* CoachCell.swift */; };
		8404F6622C05F952000B6A09 /* CoachModel.swift in Sources */ = {isa = PBXBuildFile; fileRef = 8404F6612C05F952000B6A09 /* CoachModel.swift */; };
		8404F6672C06034A000B6A09 /* CoachDetailViewModel.swift in Sources */ = {isa = PBXBuildFile; fileRef = 8404F6662C06034A000B6A09 /* CoachDetailViewModel.swift */; };
		8404F6692C0604F5000B6A09 /* CoachDetailView.swift in Sources */ = {isa = PBXBuildFile; fileRef = 8404F6682C0604F5000B6A09 /* CoachDetailView.swift */; };
		8404F66C2C060BC9000B6A09 /* MockData.swift in Sources */ = {isa = PBXBuildFile; fileRef = 8404F66B2C060BC9000B6A09 /* MockData.swift */; };
		8404F6742C061D66000B6A09 /* BestPracticeView.swift in Sources */ = {isa = PBXBuildFile; fileRef = 8404F6732C061D66000B6A09 /* BestPracticeView.swift */; };
		8404F6762C061D87000B6A09 /* BestPracticeViewModel.swift in Sources */ = {isa = PBXBuildFile; fileRef = 8404F6752C061D87000B6A09 /* BestPracticeViewModel.swift */; };
		8404F6782C061E7B000B6A09 /* PracticeType.swift in Sources */ = {isa = PBXBuildFile; fileRef = 8404F6772C061E7B000B6A09 /* PracticeType.swift */; };
		8404F67D2C062064000B6A09 /* SelectionCell.swift in Sources */ = {isa = PBXBuildFile; fileRef = 8404F67C2C062064000B6A09 /* SelectionCell.swift */; };
		8404F67F2C072EA3000B6A09 /* PracticeCell.swift in Sources */ = {isa = PBXBuildFile; fileRef = 8404F67E2C072EA3000B6A09 /* PracticeCell.swift */; };
		8404F6812C07314B000B6A09 /* PracticeModel.swift in Sources */ = {isa = PBXBuildFile; fileRef = 8404F6802C07314B000B6A09 /* PracticeModel.swift */; };
		8404F6852C073EC6000B6A09 /* PracticeDetailViewModel.swift in Sources */ = {isa = PBXBuildFile; fileRef = 8404F6842C073EC6000B6A09 /* PracticeDetailViewModel.swift */; };
		8404F6872C073F1A000B6A09 /* PracticeDeteilView.swift in Sources */ = {isa = PBXBuildFile; fileRef = 8404F6862C073F1A000B6A09 /* PracticeDeteilView.swift */; };
		843CCB352C074D8000BFFC08 /* SavedViewModel.swift in Sources */ = {isa = PBXBuildFile; fileRef = 843CCB342C074D8000BFFC08 /* SavedViewModel.swift */; };
		843CCB372C074EE500BFFC08 /* SavedView.swift in Sources */ = {isa = PBXBuildFile; fileRef = 843CCB362C074EE500BFFC08 /* SavedView.swift */; };
		843CCB3A2C07530E00BFFC08 /* GameCell.swift in Sources */ = {isa = PBXBuildFile; fileRef = 843CCB392C07530E00BFFC08 /* GameCell.swift */; };
		843CCB3C2C07571B00BFFC08 /* Montserrat-Bold.ttf in Resources */ = {isa = PBXBuildFile; fileRef = 843CCB3B2C07571B00BFFC08 /* Montserrat-Bold.ttf */; };
		843CCB432C0768A500BFFC08 /* PlannerDeteilView.swift in Sources */ = {isa = PBXBuildFile; fileRef = 843CCB422C0768A500BFFC08 /* PlannerDeteilView.swift */; };
		843CCB452C0768F500BFFC08 /* PlannerDeteilViewModel.swift in Sources */ = {isa = PBXBuildFile; fileRef = 843CCB442C0768F500BFFC08 /* PlannerDeteilViewModel.swift */; };
		843CCB4B2C079A0300BFFC08 /* PlannerCreationViewModel.swift in Sources */ = {isa = PBXBuildFile; fileRef = 843CCB4A2C079A0300BFFC08 /* PlannerCreationViewModel.swift */; };
		843CCB4D2C079B3A00BFFC08 /* PlannerCreationView.swift in Sources */ = {isa = PBXBuildFile; fileRef = 843CCB4C2C079B3A00BFFC08 /* PlannerCreationView.swift */; };
		843CCB552C07A02500BFFC08 /* AlertExtension.swift in Sources */ = {isa = PBXBuildFile; fileRef = 843CCB542C07A02500BFFC08 /* AlertExtension.swift */; };
		843CCB592C07A42C00BFFC08 /* SwiftMessages in Frameworks */ = {isa = PBXBuildFile; productRef = 843CCB582C07A42C00BFFC08 /* SwiftMessages */; };
		849919FA2C07ADF800880B06 /* GamesCreationViewModel.swift in Sources */ = {isa = PBXBuildFile; fileRef = 849919F92C07ADF800880B06 /* GamesCreationViewModel.swift */; };
		849919FC2C07AEC700880B06 /* GamesCreationView.swift in Sources */ = {isa = PBXBuildFile; fileRef = 849919FB2C07AEC700880B06 /* GamesCreationView.swift */; };
/* End PBXBuildFile section */

/* Begin PBXCopyFilesBuildPhase section */
		843CCB572C07A40A00BFFC08 /* Embed Frameworks */ = {
			isa = PBXCopyFilesBuildPhase;
			buildActionMask = 2147483647;
			dstPath = "";
			dstSubfolderSpec = 10;
			files = (
			);
			name = "Embed Frameworks";
			runOnlyForDeploymentPostprocessing = 0;
		};
/* End PBXCopyFilesBuildPhase section */

/* Begin PBXFileReference section */
		8404F5E22C00BBB9000B6A09 /* Ball Master.app */ = {isa = PBXFileReference; explicitFileType = wrapper.application; includeInIndex = 0; path = "Ball Master.app"; sourceTree = BUILT_PRODUCTS_DIR; };
		8404F5E52C00BBB9000B6A09 /* AppDelegate.swift */ = {isa = PBXFileReference; lastKnownFileType = sourcecode.swift; path = AppDelegate.swift; sourceTree = "<group>"; };
		8404F5E72C00BBB9000B6A09 /* SceneDelegate.swift */ = {isa = PBXFileReference; lastKnownFileType = sourcecode.swift; path = SceneDelegate.swift; sourceTree = "<group>"; };
		8404F5EE2C00BBBB000B6A09 /* Assets.xcassets */ = {isa = PBXFileReference; lastKnownFileType = folder.assetcatalog; path = Assets.xcassets; sourceTree = "<group>"; };
		8404F5F12C00BBBB000B6A09 /* Base */ = {isa = PBXFileReference; lastKnownFileType = file.storyboard; name = Base; path = Base.lproj/LaunchScreen.storyboard; sourceTree = "<group>"; };
		8404F5F32C00BBBB000B6A09 /* Info.plist */ = {isa = PBXFileReference; lastKnownFileType = text.plist.xml; path = Info.plist; sourceTree = "<group>"; };
		8404F5FE2C00C53F000B6A09 /* ColorExtension.swift */ = {isa = PBXFileReference; lastKnownFileType = sourcecode.swift; path = ColorExtension.swift; sourceTree = "<group>"; };
		8404F6172C00C854000B6A09 /* NavigationVC.swift */ = {isa = PBXFileReference; lastKnownFileType = sourcecode.swift; path = NavigationVC.swift; sourceTree = "<group>"; };
		8404F6192C00C863000B6A09 /* Coordinator.swift */ = {isa = PBXFileReference; lastKnownFileType = sourcecode.swift; path = Coordinator.swift; sourceTree = "<group>"; };
		8404F61E2C00C8D3000B6A09 /* TermsAndPrivacyViewModel.swift */ = {isa = PBXFileReference; lastKnownFileType = sourcecode.swift; path = TermsAndPrivacyViewModel.swift; sourceTree = "<group>"; };
		8404F6202C00C91E000B6A09 /* TabViewVC.swift */ = {isa = PBXFileReference; lastKnownFileType = sourcecode.swift; path = TabViewVC.swift; sourceTree = "<group>"; };
		8404F6222C00C9A9000B6A09 /* PreloaderView.swift */ = {isa = PBXFileReference; lastKnownFileType = sourcecode.swift; path = PreloaderView.swift; sourceTree = "<group>"; };
		8404F6242C00C9B7000B6A09 /* OnboardingView.swift */ = {isa = PBXFileReference; lastKnownFileType = sourcecode.swift; path = OnboardingView.swift; sourceTree = "<group>"; };
		8404F6262C00C9C4000B6A09 /* SettingsView.swift */ = {isa = PBXFileReference; lastKnownFileType = sourcecode.swift; path = SettingsView.swift; sourceTree = "<group>"; };
		8404F6282C00C9DD000B6A09 /* TabViewBottom.swift */ = {isa = PBXFileReference; lastKnownFileType = sourcecode.swift; path = TabViewBottom.swift; sourceTree = "<group>"; };
		8404F62A2C00CA1A000B6A09 /* SpinnerView.swift */ = {isa = PBXFileReference; lastKnownFileType = sourcecode.swift; path = SpinnerView.swift; sourceTree = "<group>"; };
		8404F62E2C04B794000B6A09 /* Sombra-Thin.ttf */ = {isa = PBXFileReference; lastKnownFileType = file; path = "Sombra-Thin.ttf"; sourceTree = "<group>"; };
		8404F6302C04B7AC000B6A09 /* Sombra-Medium.ttf */ = {isa = PBXFileReference; lastKnownFileType = file; path = "Sombra-Medium.ttf"; sourceTree = "<group>"; };
		8404F6322C04B7B8000B6A09 /* Sombra-Bold.ttf */ = {isa = PBXFileReference; lastKnownFileType = file; path = "Sombra-Bold.ttf"; sourceTree = "<group>"; };
		8404F6342C04B8E8000B6A09 /* PreloaderViewModel.swift */ = {isa = PBXFileReference; lastKnownFileType = sourcecode.swift; path = PreloaderViewModel.swift; sourceTree = "<group>"; };
		8404F6362C04B93C000B6A09 /* OnBoardingViewModel.swift */ = {isa = PBXFileReference; lastKnownFileType = sourcecode.swift; path = OnBoardingViewModel.swift; sourceTree = "<group>"; };
		8404F6392C04B9CF000B6A09 /* TextExtension.swift */ = {isa = PBXFileReference; lastKnownFileType = sourcecode.swift; path = TextExtension.swift; sourceTree = "<group>"; };
		8404F63D2C04BAEF000B6A09 /* Sombra-Black.ttf */ = {isa = PBXFileReference; lastKnownFileType = file; path = "Sombra-Black.ttf"; sourceTree = "<group>"; };
		8404F63F2C04BCD1000B6A09 /* TabViewModel.swift */ = {isa = PBXFileReference; lastKnownFileType = sourcecode.swift; path = TabViewModel.swift; sourceTree = "<group>"; };
		8404F6412C04C858000B6A09 /* SettingsViewModel.swift */ = {isa = PBXFileReference; lastKnownFileType = sourcecode.swift; path = SettingsViewModel.swift; sourceTree = "<group>"; };
		8404F6432C04C925000B6A09 /* CoachViewModel.swift */ = {isa = PBXFileReference; lastKnownFileType = sourcecode.swift; path = CoachViewModel.swift; sourceTree = "<group>"; };
		8404F6452C04C94C000B6A09 /* PlannerViewModel.swift */ = {isa = PBXFileReference; lastKnownFileType = sourcecode.swift; path = PlannerViewModel.swift; sourceTree = "<group>"; };
		8404F6472C04CA45000B6A09 /* GamesViewModel.swift */ = {isa = PBXFileReference; lastKnownFileType = sourcecode.swift; path = GamesViewModel.swift; sourceTree = "<group>"; };
		8404F6492C04CA81000B6A09 /* AppData.swift */ = {isa = PBXFileReference; lastKnownFileType = sourcecode.swift; path = AppData.swift; sourceTree = "<group>"; };
		8404F64C2C04CB57000B6A09 /* Keys.swift */ = {isa = PBXFileReference; lastKnownFileType = sourcecode.swift; path = Keys.swift; sourceTree = "<group>"; };
		8404F64E2C04CE7F000B6A09 /* GamesView.swift */ = {isa = PBXFileReference; lastKnownFileType = sourcecode.swift; path = GamesView.swift; sourceTree = "<group>"; };
		8404F6502C04CEC1000B6A09 /* CoachView.swift */ = {isa = PBXFileReference; lastKnownFileType = sourcecode.swift; path = CoachView.swift; sourceTree = "<group>"; };
		8404F6522C04CF04000B6A09 /* PlannerView.swift */ = {isa = PBXFileReference; lastKnownFileType = sourcecode.swift; path = PlannerView.swift; sourceTree = "<group>"; };
		8404F6542C04D7E9000B6A09 /* Montserrat-Regular.ttf */ = {isa = PBXFileReference; lastKnownFileType = file; path = "Montserrat-Regular.ttf"; sourceTree = "<group>"; };
		8404F6562C04D81D000B6A09 /* Montserrat-Medium.ttf */ = {isa = PBXFileReference; lastKnownFileType = file; path = "Montserrat-Medium.ttf"; sourceTree = "<group>"; };
		8404F6592C04D9E2000B6A09 /* ImageExtension.swift */ = {isa = PBXFileReference; lastKnownFileType = sourcecode.swift; path = ImageExtension.swift; sourceTree = "<group>"; };
		8404F65B2C04E779000B6A09 /* TermsPolicy.swift */ = {isa = PBXFileReference; lastKnownFileType = sourcecode.swift; path = TermsPolicy.swift; sourceTree = "<group>"; };
		8404F65E2C05F88F000B6A09 /* CoachCell.swift */ = {isa = PBXFileReference; lastKnownFileType = sourcecode.swift; path = CoachCell.swift; sourceTree = "<group>"; };
		8404F6612C05F952000B6A09 /* CoachModel.swift */ = {isa = PBXFileReference; lastKnownFileType = sourcecode.swift; path = CoachModel.swift; sourceTree = "<group>"; };
		8404F6662C06034A000B6A09 /* CoachDetailViewModel.swift */ = {isa = PBXFileReference; lastKnownFileType = sourcecode.swift; path = CoachDetailViewModel.swift; sourceTree = "<group>"; };
		8404F6682C0604F5000B6A09 /* CoachDetailView.swift */ = {isa = PBXFileReference; lastKnownFileType = sourcecode.swift; path = CoachDetailView.swift; sourceTree = "<group>"; };
		8404F66B2C060BC9000B6A09 /* MockData.swift */ = {isa = PBXFileReference; lastKnownFileType = sourcecode.swift; path = MockData.swift; sourceTree = "<group>"; };
		8404F6732C061D66000B6A09 /* BestPracticeView.swift */ = {isa = PBXFileReference; lastKnownFileType = sourcecode.swift; path = BestPracticeView.swift; sourceTree = "<group>"; };
		8404F6752C061D87000B6A09 /* BestPracticeViewModel.swift */ = {isa = PBXFileReference; lastKnownFileType = sourcecode.swift; path = BestPracticeViewModel.swift; sourceTree = "<group>"; };
		8404F6772C061E7B000B6A09 /* PracticeType.swift */ = {isa = PBXFileReference; lastKnownFileType = sourcecode.swift; path = PracticeType.swift; sourceTree = "<group>"; };
		8404F67C2C062064000B6A09 /* SelectionCell.swift */ = {isa = PBXFileReference; lastKnownFileType = sourcecode.swift; path = SelectionCell.swift; sourceTree = "<group>"; };
		8404F67E2C072EA3000B6A09 /* PracticeCell.swift */ = {isa = PBXFileReference; lastKnownFileType = sourcecode.swift; path = PracticeCell.swift; sourceTree = "<group>"; };
		8404F6802C07314B000B6A09 /* PracticeModel.swift */ = {isa = PBXFileReference; lastKnownFileType = sourcecode.swift; path = PracticeModel.swift; sourceTree = "<group>"; };
		8404F6842C073EC6000B6A09 /* PracticeDetailViewModel.swift */ = {isa = PBXFileReference; lastKnownFileType = sourcecode.swift; path = PracticeDetailViewModel.swift; sourceTree = "<group>"; };
		8404F6862C073F1A000B6A09 /* PracticeDeteilView.swift */ = {isa = PBXFileReference; lastKnownFileType = sourcecode.swift; path = PracticeDeteilView.swift; sourceTree = "<group>"; };
		843CCB342C074D8000BFFC08 /* SavedViewModel.swift */ = {isa = PBXFileReference; lastKnownFileType = sourcecode.swift; path = SavedViewModel.swift; sourceTree = "<group>"; };
		843CCB362C074EE500BFFC08 /* SavedView.swift */ = {isa = PBXFileReference; lastKnownFileType = sourcecode.swift; path = SavedView.swift; sourceTree = "<group>"; };
		843CCB392C07530E00BFFC08 /* GameCell.swift */ = {isa = PBXFileReference; lastKnownFileType = sourcecode.swift; path = GameCell.swift; sourceTree = "<group>"; };
		843CCB3B2C07571B00BFFC08 /* Montserrat-Bold.ttf */ = {isa = PBXFileReference; lastKnownFileType = file; path = "Montserrat-Bold.ttf"; sourceTree = "<group>"; };
		843CCB422C0768A500BFFC08 /* PlannerDeteilView.swift */ = {isa = PBXFileReference; lastKnownFileType = sourcecode.swift; path = PlannerDeteilView.swift; sourceTree = "<group>"; };
		843CCB442C0768F500BFFC08 /* PlannerDeteilViewModel.swift */ = {isa = PBXFileReference; lastKnownFileType = sourcecode.swift; path = PlannerDeteilViewModel.swift; sourceTree = "<group>"; };
		843CCB4A2C079A0300BFFC08 /* PlannerCreationViewModel.swift */ = {isa = PBXFileReference; lastKnownFileType = sourcecode.swift; path = PlannerCreationViewModel.swift; sourceTree = "<group>"; };
		843CCB4C2C079B3A00BFFC08 /* PlannerCreationView.swift */ = {isa = PBXFileReference; lastKnownFileType = sourcecode.swift; path = PlannerCreationView.swift; sourceTree = "<group>"; };
		843CCB542C07A02500BFFC08 /* AlertExtension.swift */ = {isa = PBXFileReference; lastKnownFileType = sourcecode.swift; path = AlertExtension.swift; sourceTree = "<group>"; };
		849919F92C07ADF800880B06 /* GamesCreationViewModel.swift */ = {isa = PBXFileReference; lastKnownFileType = sourcecode.swift; path = GamesCreationViewModel.swift; sourceTree = "<group>"; };
		849919FB2C07AEC700880B06 /* GamesCreationView.swift */ = {isa = PBXFileReference; lastKnownFileType = sourcecode.swift; path = GamesCreationView.swift; sourceTree = "<group>"; };
/* End PBXFileReference section */

/* Begin PBXFrameworksBuildPhase section */
		8404F5DF2C00BBB9000B6A09 /* Frameworks */ = {
			isa = PBXFrameworksBuildPhase;
			buildActionMask = 2147483647;
			files = (
				843CCB592C07A42C00BFFC08 /* SwiftMessages in Frameworks */,
			);
			runOnlyForDeploymentPostprocessing = 0;
		};
/* End PBXFrameworksBuildPhase section */

/* Begin PBXGroup section */
		8404F5D92C00BBB9000B6A09 = {
			isa = PBXGroup;
			children = (
				8404F5E42C00BBB9000B6A09 /* Ball Master */,
				8404F5E32C00BBB9000B6A09 /* Products */,
			);
			sourceTree = "<group>";
		};
		8404F5E32C00BBB9000B6A09 /* Products */ = {
			isa = PBXGroup;
			children = (
				8404F5E22C00BBB9000B6A09 /* Ball Master.app */,
			);
			name = Products;
			sourceTree = "<group>";
		};
		8404F5E42C00BBB9000B6A09 /* Ball Master */ = {
			isa = PBXGroup;
			children = (
				8404F62C2C04B75D000B6A09 /* Resources */,
				8404F5FC2C00BF67000B6A09 /* Screens */,
				8404F5FB2C00BF62000B6A09 /* Coordinator */,
				8404F5FA2C00BF5A000B6A09 /* AppData */,
				8404F5F92C00BEF7000B6A09 /* Extension */,
				8404F5E52C00BBB9000B6A09 /* AppDelegate.swift */,
				8404F5E72C00BBB9000B6A09 /* SceneDelegate.swift */,
				8404F5EE2C00BBBB000B6A09 /* Assets.xcassets */,
				8404F5F02C00BBBB000B6A09 /* LaunchScreen.storyboard */,
				8404F5F32C00BBBB000B6A09 /* Info.plist */,
			);
			path = "Ball Master";
			sourceTree = "<group>";
		};
		8404F5F92C00BEF7000B6A09 /* Extension */ = {
			isa = PBXGroup;
			children = (
				843CCB532C07A01300BFFC08 /* Alert */,
				8404F6582C04D9D1000B6A09 /* Image */,
				8404F6382C04B9C3000B6A09 /* Text */,
				8404F6072C00C7D8000B6A09 /* SpinAnimation */,
				8404F5FD2C00C530000B6A09 /* Color */,
			);
			path = Extension;
			sourceTree = "<group>";
		};
		8404F5FA2C00BF5A000B6A09 /* AppData */ = {
			isa = PBXGroup;
			children = (
				8404F66A2C060BBA000B6A09 /* Mock */,
				8404F6602C05F940000B6A09 /* Models */,
				8404F64B2C04CB4A000B6A09 /* Keys */,
				8404F6492C04CA81000B6A09 /* AppData.swift */,
			);
			path = AppData;
			sourceTree = "<group>";
		};
		8404F5FB2C00BF62000B6A09 /* Coordinator */ = {
			isa = PBXGroup;
			children = (
				8404F6162C00C835000B6A09 /* Navigation */,
				8404F6192C00C863000B6A09 /* Coordinator.swift */,
			);
			path = Coordinator;
			sourceTree = "<group>";
		};
		8404F5FC2C00BF67000B6A09 /* Screens */ = {
			isa = PBXGroup;
			children = (
				8404F66E2C060E9F000B6A09 /* Saved */,
				8404F66F2C061D30000B6A09 /* PracticeDeteil */,
				8404F66D2C060E96000B6A09 /* BestPractice */,
				8404F6632C060297000B6A09 /* CoachDetail */,
				8404F61B2C00C8AA000B6A09 /* TermsPolicy */,
				843CCB462C0799C500BFFC08 /* PlannerCreation */,
				843CCB3D2C07685B00BFFC08 /* PlannerDeteil */,
				8404F6062C00C57C000B6A09 /* Planer */,
				8404F6052C00C575000B6A09 /* Coach */,
				849919F62C07AD8B00880B06 /* GamesCreation */,
				8404F6042C00C568000B6A09 /* Games */,
				8404F6032C00C562000B6A09 /* Settings */,
				8404F6022C00C55D000B6A09 /* TabView */,
				8404F6012C00C554000B6A09 /* Onboarding */,
				8404F6002C00C54E000B6A09 /* Preloader */,
			);
			path = Screens;
			sourceTree = "<group>";
		};
		8404F5FD2C00C530000B6A09 /* Color */ = {
			isa = PBXGroup;
			children = (
				8404F5FE2C00C53F000B6A09 /* ColorExtension.swift */,
			);
			path = Color;
			sourceTree = "<group>";
		};
		8404F6002C00C54E000B6A09 /* Preloader */ = {
			isa = PBXGroup;
			children = (
				8404F6092C00C7EC000B6A09 /* View */,
				8404F6082C00C7E5000B6A09 /* ViewModel */,
			);
			path = Preloader;
			sourceTree = "<group>";
		};
		8404F6012C00C554000B6A09 /* Onboarding */ = {
			isa = PBXGroup;
			children = (
				8404F60B2C00C7F6000B6A09 /* View */,
				8404F60A2C00C7F0000B6A09 /* ViewModel */,
			);
			path = Onboarding;
			sourceTree = "<group>";
		};
		8404F6022C00C55D000B6A09 /* TabView */ = {
			isa = PBXGroup;
			children = (
				8404F60D2C00C7FF000B6A09 /* View */,
				8404F60C2C00C7FA000B6A09 /* ViewModel */,
				8404F6202C00C91E000B6A09 /* TabViewVC.swift */,
			);
			path = TabView;
			sourceTree = "<group>";
		};
		8404F6032C00C562000B6A09 /* Settings */ = {
			isa = PBXGroup;
			children = (
				8404F60F2C00C808000B6A09 /* View */,
				8404F60E2C00C803000B6A09 /* ViewModel */,
			);
			path = Settings;
			sourceTree = "<group>";
		};
		8404F6042C00C568000B6A09 /* Games */ = {
			isa = PBXGroup;
			children = (
				843CCB382C07530100BFFC08 /* Cell */,
				8404F6112C00C814000B6A09 /* View */,
				8404F6102C00C80E000B6A09 /* ViewModel */,
			);
			path = Games;
			sourceTree = "<group>";
		};
		8404F6052C00C575000B6A09 /* Coach */ = {
			isa = PBXGroup;
			children = (
				8404F65D2C05F87A000B6A09 /* Cell */,
				8404F6132C00C81E000B6A09 /* View */,
				8404F6122C00C819000B6A09 /* ViewModel */,
			);
			path = Coach;
			sourceTree = "<group>";
		};
		8404F6062C00C57C000B6A09 /* Planer */ = {
			isa = PBXGroup;
			children = (
				8404F6152C00C828000B6A09 /* View */,
				8404F6142C00C822000B6A09 /* ViewModel */,
			);
			path = Planer;
			sourceTree = "<group>";
		};
		8404F6072C00C7D8000B6A09 /* SpinAnimation */ = {
			isa = PBXGroup;
			children = (
				8404F62A2C00CA1A000B6A09 /* SpinnerView.swift */,
			);
			path = SpinAnimation;
			sourceTree = "<group>";
		};
		8404F6082C00C7E5000B6A09 /* ViewModel */ = {
			isa = PBXGroup;
			children = (
				8404F6342C04B8E8000B6A09 /* PreloaderViewModel.swift */,
			);
			path = ViewModel;
			sourceTree = "<group>";
		};
		8404F6092C00C7EC000B6A09 /* View */ = {
			isa = PBXGroup;
			children = (
				8404F6222C00C9A9000B6A09 /* PreloaderView.swift */,
			);
			path = View;
			sourceTree = "<group>";
		};
		8404F60A2C00C7F0000B6A09 /* ViewModel */ = {
			isa = PBXGroup;
			children = (
				8404F6362C04B93C000B6A09 /* OnBoardingViewModel.swift */,
			);
			path = ViewModel;
			sourceTree = "<group>";
		};
		8404F60B2C00C7F6000B6A09 /* View */ = {
			isa = PBXGroup;
			children = (
				8404F6242C00C9B7000B6A09 /* OnboardingView.swift */,
			);
			path = View;
			sourceTree = "<group>";
		};
		8404F60C2C00C7FA000B6A09 /* ViewModel */ = {
			isa = PBXGroup;
			children = (
				8404F63F2C04BCD1000B6A09 /* TabViewModel.swift */,
			);
			path = ViewModel;
			sourceTree = "<group>";
		};
		8404F60D2C00C7FF000B6A09 /* View */ = {
			isa = PBXGroup;
			children = (
				8404F6282C00C9DD000B6A09 /* TabViewBottom.swift */,
			);
			path = View;
			sourceTree = "<group>";
		};
		8404F60E2C00C803000B6A09 /* ViewModel */ = {
			isa = PBXGroup;
			children = (
				8404F6412C04C858000B6A09 /* SettingsViewModel.swift */,
			);
			path = ViewModel;
			sourceTree = "<group>";
		};
		8404F60F2C00C808000B6A09 /* View */ = {
			isa = PBXGroup;
			children = (
				8404F6262C00C9C4000B6A09 /* SettingsView.swift */,
			);
			path = View;
			sourceTree = "<group>";
		};
		8404F6102C00C80E000B6A09 /* ViewModel */ = {
			isa = PBXGroup;
			children = (
				8404F6472C04CA45000B6A09 /* GamesViewModel.swift */,
			);
			path = ViewModel;
			sourceTree = "<group>";
		};
		8404F6112C00C814000B6A09 /* View */ = {
			isa = PBXGroup;
			children = (
				8404F64E2C04CE7F000B6A09 /* GamesView.swift */,
			);
			path = View;
			sourceTree = "<group>";
		};
		8404F6122C00C819000B6A09 /* ViewModel */ = {
			isa = PBXGroup;
			children = (
				8404F6432C04C925000B6A09 /* CoachViewModel.swift */,
			);
			path = ViewModel;
			sourceTree = "<group>";
		};
		8404F6132C00C81E000B6A09 /* View */ = {
			isa = PBXGroup;
			children = (
				8404F6502C04CEC1000B6A09 /* CoachView.swift */,
			);
			path = View;
			sourceTree = "<group>";
		};
		8404F6142C00C822000B6A09 /* ViewModel */ = {
			isa = PBXGroup;
			children = (
				8404F6452C04C94C000B6A09 /* PlannerViewModel.swift */,
			);
			path = ViewModel;
			sourceTree = "<group>";
		};
		8404F6152C00C828000B6A09 /* View */ = {
			isa = PBXGroup;
			children = (
				8404F6522C04CF04000B6A09 /* PlannerView.swift */,
			);
			path = View;
			sourceTree = "<group>";
		};
		8404F6162C00C835000B6A09 /* Navigation */ = {
			isa = PBXGroup;
			children = (
				8404F6172C00C854000B6A09 /* NavigationVC.swift */,
			);
			path = Navigation;
			sourceTree = "<group>";
		};
		8404F61B2C00C8AA000B6A09 /* TermsPolicy */ = {
			isa = PBXGroup;
			children = (
				8404F61D2C00C8B7000B6A09 /* View */,
				8404F61C2C00C8B1000B6A09 /* ViewModel */,
			);
			path = TermsPolicy;
			sourceTree = "<group>";
		};
		8404F61C2C00C8B1000B6A09 /* ViewModel */ = {
			isa = PBXGroup;
			children = (
				8404F61E2C00C8D3000B6A09 /* TermsAndPrivacyViewModel.swift */,
			);
			path = ViewModel;
			sourceTree = "<group>";
		};
		8404F61D2C00C8B7000B6A09 /* View */ = {
			isa = PBXGroup;
			children = (
				8404F65B2C04E779000B6A09 /* TermsPolicy.swift */,
			);
			path = View;
			sourceTree = "<group>";
		};
		8404F62C2C04B75D000B6A09 /* Resources */ = {
			isa = PBXGroup;
			children = (
				8404F62D2C04B76D000B6A09 /* Font */,
			);
			path = Resources;
			sourceTree = "<group>";
		};
		8404F62D2C04B76D000B6A09 /* Font */ = {
			isa = PBXGroup;
			children = (
				843CCB3B2C07571B00BFFC08 /* Montserrat-Bold.ttf */,
				8404F6562C04D81D000B6A09 /* Montserrat-Medium.ttf */,
				8404F6542C04D7E9000B6A09 /* Montserrat-Regular.ttf */,
				8404F63D2C04BAEF000B6A09 /* Sombra-Black.ttf */,
				8404F6322C04B7B8000B6A09 /* Sombra-Bold.ttf */,
				8404F6302C04B7AC000B6A09 /* Sombra-Medium.ttf */,
				8404F62E2C04B794000B6A09 /* Sombra-Thin.ttf */,
			);
			path = Font;
			sourceTree = "<group>";
		};
		8404F6382C04B9C3000B6A09 /* Text */ = {
			isa = PBXGroup;
			children = (
				8404F6392C04B9CF000B6A09 /* TextExtension.swift */,
			);
			path = Text;
			sourceTree = "<group>";
		};
		8404F64B2C04CB4A000B6A09 /* Keys */ = {
			isa = PBXGroup;
			children = (
				8404F64C2C04CB57000B6A09 /* Keys.swift */,
			);
			path = Keys;
			sourceTree = "<group>";
		};
		8404F6582C04D9D1000B6A09 /* Image */ = {
			isa = PBXGroup;
			children = (
				8404F6592C04D9E2000B6A09 /* ImageExtension.swift */,
			);
			path = Image;
			sourceTree = "<group>";
		};
		8404F65D2C05F87A000B6A09 /* Cell */ = {
			isa = PBXGroup;
			children = (
				8404F65E2C05F88F000B6A09 /* CoachCell.swift */,
			);
			path = Cell;
			sourceTree = "<group>";
		};
		8404F6602C05F940000B6A09 /* Models */ = {
			isa = PBXGroup;
			children = (
				8404F67A2C061E8A000B6A09 /* Practice */,
				8404F6792C061E7F000B6A09 /* Coach */,
			);
			path = Models;
			sourceTree = "<group>";
		};
		8404F6632C060297000B6A09 /* CoachDetail */ = {
			isa = PBXGroup;
			children = (
				8404F6652C060336000B6A09 /* View */,
				8404F6642C06032D000B6A09 /* ViewModel */,
			);
			path = CoachDetail;
			sourceTree = "<group>";
		};
		8404F6642C06032D000B6A09 /* ViewModel */ = {
			isa = PBXGroup;
			children = (
				8404F6662C06034A000B6A09 /* CoachDetailViewModel.swift */,
			);
			path = ViewModel;
			sourceTree = "<group>";
		};
		8404F6652C060336000B6A09 /* View */ = {
			isa = PBXGroup;
			children = (
				8404F6682C0604F5000B6A09 /* CoachDetailView.swift */,
			);
			path = View;
			sourceTree = "<group>";
		};
		8404F66A2C060BBA000B6A09 /* Mock */ = {
			isa = PBXGroup;
			children = (
				8404F66B2C060BC9000B6A09 /* MockData.swift */,
			);
			path = Mock;
			sourceTree = "<group>";
		};
		8404F66D2C060E96000B6A09 /* BestPractice */ = {
			isa = PBXGroup;
			children = (
				8404F67B2C062058000B6A09 /* Cell */,
				8404F6722C061D4A000B6A09 /* View */,
				8404F6702C061D3E000B6A09 /* ViewModel */,
			);
			path = BestPractice;
			sourceTree = "<group>";
		};
		8404F66E2C060E9F000B6A09 /* Saved */ = {
			isa = PBXGroup;
			children = (
				843CCB332C074D6B00BFFC08 /* View */,
				843CCB322C074D6500BFFC08 /* ViewModel */,
			);
			path = Saved;
			sourceTree = "<group>";
		};
		8404F66F2C061D30000B6A09 /* PracticeDeteil */ = {
			isa = PBXGroup;
			children = (
				8404F6832C073E97000B6A09 /* View */,
				8404F6822C073E8D000B6A09 /* ViewModel */,
			);
			path = PracticeDeteil;
			sourceTree = "<group>";
		};
		8404F6702C061D3E000B6A09 /* ViewModel */ = {
			isa = PBXGroup;
			children = (
				8404F6752C061D87000B6A09 /* BestPracticeViewModel.swift */,
			);
			path = ViewModel;
			sourceTree = "<group>";
		};
		8404F6722C061D4A000B6A09 /* View */ = {
			isa = PBXGroup;
			children = (
				8404F6732C061D66000B6A09 /* BestPracticeView.swift */,
			);
			path = View;
			sourceTree = "<group>";
		};
		8404F6792C061E7F000B6A09 /* Coach */ = {
			isa = PBXGroup;
			children = (
				8404F6612C05F952000B6A09 /* CoachModel.swift */,
			);
			path = Coach;
			sourceTree = "<group>";
		};
		8404F67A2C061E8A000B6A09 /* Practice */ = {
			isa = PBXGroup;
			children = (
				8404F6772C061E7B000B6A09 /* PracticeType.swift */,
				8404F6802C07314B000B6A09 /* PracticeModel.swift */,
			);
			path = Practice;
			sourceTree = "<group>";
		};
		8404F67B2C062058000B6A09 /* Cell */ = {
			isa = PBXGroup;
			children = (
				8404F67C2C062064000B6A09 /* SelectionCell.swift */,
				8404F67E2C072EA3000B6A09 /* PracticeCell.swift */,
			);
			path = Cell;
			sourceTree = "<group>";
		};
		8404F6822C073E8D000B6A09 /* ViewModel */ = {
			isa = PBXGroup;
			children = (
				8404F6842C073EC6000B6A09 /* PracticeDetailViewModel.swift */,
			);
			path = ViewModel;
			sourceTree = "<group>";
		};
		8404F6832C073E97000B6A09 /* View */ = {
			isa = PBXGroup;
			children = (
				8404F6862C073F1A000B6A09 /* PracticeDeteilView.swift */,
			);
			path = View;
			sourceTree = "<group>";
		};
		843CCB322C074D6500BFFC08 /* ViewModel */ = {
			isa = PBXGroup;
			children = (
				843CCB342C074D8000BFFC08 /* SavedViewModel.swift */,
			);
			path = ViewModel;
			sourceTree = "<group>";
		};
		843CCB332C074D6B00BFFC08 /* View */ = {
			isa = PBXGroup;
			children = (
				843CCB362C074EE500BFFC08 /* SavedView.swift */,
			);
			path = View;
			sourceTree = "<group>";
		};
		843CCB382C07530100BFFC08 /* Cell */ = {
			isa = PBXGroup;
			children = (
				843CCB392C07530E00BFFC08 /* GameCell.swift */,
			);
			path = Cell;
			sourceTree = "<group>";
		};
		843CCB3D2C07685B00BFFC08 /* PlannerDeteil */ = {
			isa = PBXGroup;
			children = (
				843CCB3F2C07687500BFFC08 /* View */,
				843CCB3E2C07686D00BFFC08 /* ViewModel */,
			);
			path = PlannerDeteil;
			sourceTree = "<group>";
		};
		843CCB3E2C07686D00BFFC08 /* ViewModel */ = {
			isa = PBXGroup;
			children = (
				843CCB442C0768F500BFFC08 /* PlannerDeteilViewModel.swift */,
			);
			path = ViewModel;
			sourceTree = "<group>";
		};
		843CCB3F2C07687500BFFC08 /* View */ = {
			isa = PBXGroup;
			children = (
				843CCB422C0768A500BFFC08 /* PlannerDeteilView.swift */,
			);
			path = View;
			sourceTree = "<group>";
		};
		843CCB462C0799C500BFFC08 /* PlannerCreation */ = {
			isa = PBXGroup;
			children = (
				843CCB482C0799E000BFFC08 /* View */,
				843CCB472C0799D900BFFC08 /* ViewModel */,
			);
			path = PlannerCreation;
			sourceTree = "<group>";
		};
		843CCB472C0799D900BFFC08 /* ViewModel */ = {
			isa = PBXGroup;
			children = (
				843CCB4A2C079A0300BFFC08 /* PlannerCreationViewModel.swift */,
			);
			path = ViewModel;
			sourceTree = "<group>";
		};
		843CCB482C0799E000BFFC08 /* View */ = {
			isa = PBXGroup;
			children = (
				843CCB4C2C079B3A00BFFC08 /* PlannerCreationView.swift */,
			);
			path = View;
			sourceTree = "<group>";
		};
		843CCB532C07A01300BFFC08 /* Alert */ = {
			isa = PBXGroup;
			children = (
				843CCB542C07A02500BFFC08 /* AlertExtension.swift */,
			);
			path = Alert;
			sourceTree = "<group>";
		};
		849919F62C07AD8B00880B06 /* GamesCreation */ = {
			isa = PBXGroup;
			children = (
				849919F82C07AD9C00880B06 /* View */,
				849919F72C07AD9600880B06 /* ViewModel */,
			);
			path = GamesCreation;
			sourceTree = "<group>";
		};
		849919F72C07AD9600880B06 /* ViewModel */ = {
			isa = PBXGroup;
			children = (
				849919F92C07ADF800880B06 /* GamesCreationViewModel.swift */,
			);
			path = ViewModel;
			sourceTree = "<group>";
		};
		849919F82C07AD9C00880B06 /* View */ = {
			isa = PBXGroup;
			children = (
				849919FB2C07AEC700880B06 /* GamesCreationView.swift */,
			);
			path = View;
			sourceTree = "<group>";
		};
/* End PBXGroup section */

/* Begin PBXNativeTarget section */
		8404F5E12C00BBB9000B6A09 /* Ball Master */ = {
			isa = PBXNativeTarget;
			buildConfigurationList = 8404F5F62C00BBBB000B6A09 /* Build configuration list for PBXNativeTarget "Ball Master" */;
			buildPhases = (
				8404F5DE2C00BBB9000B6A09 /* Sources */,
				8404F5DF2C00BBB9000B6A09 /* Frameworks */,
				8404F5E02C00BBB9000B6A09 /* Resources */,
				843CCB572C07A40A00BFFC08 /* Embed Frameworks */,
			);
			buildRules = (
			);
			dependencies = (
			);
			name = "Ball Master";
			packageProductDependencies = (
				843CCB582C07A42C00BFFC08 /* SwiftMessages */,
			);
			productName = "Ball Master";
			productReference = 8404F5E22C00BBB9000B6A09 /* Ball Master.app */;
			productType = "com.apple.product-type.application";
		};
/* End PBXNativeTarget section */

/* Begin PBXProject section */
		8404F5DA2C00BBB9000B6A09 /* Project object */ = {
			isa = PBXProject;
			attributes = {
				BuildIndependentTargetsInParallel = 1;
				LastSwiftUpdateCheck = 1530;
				LastUpgradeCheck = 1530;
				TargetAttributes = {
					8404F5E12C00BBB9000B6A09 = {
						CreatedOnToolsVersion = 15.3;
					};
				};
			};
			buildConfigurationList = 8404F5DD2C00BBB9000B6A09 /* Build configuration list for PBXProject "Ball Master" */;
			compatibilityVersion = "Xcode 14.0";
			developmentRegion = en;
			hasScannedForEncodings = 0;
			knownRegions = (
				en,
				Base,
			);
			mainGroup = 8404F5D92C00BBB9000B6A09;
			packageReferences = (
				843CCB4E2C079FF900BFFC08 /* XCRemoteSwiftPackageReference "SwiftMessages" */,
			);
			productRefGroup = 8404F5E32C00BBB9000B6A09 /* Products */;
			projectDirPath = "";
			projectRoot = "";
			targets = (
				8404F5E12C00BBB9000B6A09 /* Ball Master */,
			);
		};
/* End PBXProject section */

/* Begin PBXResourcesBuildPhase section */
		8404F5E02C00BBB9000B6A09 /* Resources */ = {
			isa = PBXResourcesBuildPhase;
			buildActionMask = 2147483647;
			files = (
				8404F63E2C04BAEF000B6A09 /* Sombra-Black.ttf in Resources */,
				8404F5EF2C00BBBB000B6A09 /* Assets.xcassets in Resources */,
				8404F6552C04D7E9000B6A09 /* Montserrat-Regular.ttf in Resources */,
				8404F5F22C00BBBB000B6A09 /* Base in Resources */,
				8404F6332C04B7B8000B6A09 /* Sombra-Bold.ttf in Resources */,
				843CCB3C2C07571B00BFFC08 /* Montserrat-Bold.ttf in Resources */,
				8404F62F2C04B794000B6A09 /* Sombra-Thin.ttf in Resources */,
				8404F6572C04D81D000B6A09 /* Montserrat-Medium.ttf in Resources */,
				8404F6312C04B7AD000B6A09 /* Sombra-Medium.ttf in Resources */,
			);
			runOnlyForDeploymentPostprocessing = 0;
		};
/* End PBXResourcesBuildPhase section */

/* Begin PBXSourcesBuildPhase section */
		8404F5DE2C00BBB9000B6A09 /* Sources */ = {
			isa = PBXSourcesBuildPhase;
			buildActionMask = 2147483647;
			files = (
				8404F6402C04BCD1000B6A09 /* TabViewModel.swift in Sources */,
				8404F5E62C00BBB9000B6A09 /* AppDelegate.swift in Sources */,
				8404F6852C073EC6000B6A09 /* PracticeDetailViewModel.swift in Sources */,
				8404F6292C00C9DD000B6A09 /* TabViewBottom.swift in Sources */,
				843CCB552C07A02500BFFC08 /* AlertExtension.swift in Sources */,
				843CCB452C0768F500BFFC08 /* PlannerDeteilViewModel.swift in Sources */,
				843CCB3A2C07530E00BFFC08 /* GameCell.swift in Sources */,
				8404F6622C05F952000B6A09 /* CoachModel.swift in Sources */,
				8404F61F2C00C8D3000B6A09 /* TermsAndPrivacyViewModel.swift in Sources */,
				8404F65F2C05F88F000B6A09 /* CoachCell.swift in Sources */,
				8404F5E82C00BBB9000B6A09 /* SceneDelegate.swift in Sources */,
				8404F6742C061D66000B6A09 /* BestPracticeView.swift in Sources */,
				8404F6692C0604F5000B6A09 /* CoachDetailView.swift in Sources */,
				8404F65C2C04E779000B6A09 /* TermsPolicy.swift in Sources */,
				8404F6352C04B8E8000B6A09 /* PreloaderViewModel.swift in Sources */,
				8404F6252C00C9B7000B6A09 /* OnboardingView.swift in Sources */,
				8404F6812C07314B000B6A09 /* PracticeModel.swift in Sources */,
				8404F6442C04C925000B6A09 /* CoachViewModel.swift in Sources */,
				8404F6482C04CA45000B6A09 /* GamesViewModel.swift in Sources */,
				8404F6872C073F1A000B6A09 /* PracticeDeteilView.swift in Sources */,
				8404F66C2C060BC9000B6A09 /* MockData.swift in Sources */,
				8404F61A2C00C863000B6A09 /* Coordinator.swift in Sources */,
				843CCB4D2C079B3A00BFFC08 /* PlannerCreationView.swift in Sources */,
				8404F64F2C04CE7F000B6A09 /* GamesView.swift in Sources */,
				8404F6462C04C94C000B6A09 /* PlannerViewModel.swift in Sources */,
				8404F6422C04C858000B6A09 /* SettingsViewModel.swift in Sources */,
				843CCB4B2C079A0300BFFC08 /* PlannerCreationViewModel.swift in Sources */,
				8404F63A2C04B9CF000B6A09 /* TextExtension.swift in Sources */,
				8404F67D2C062064000B6A09 /* SelectionCell.swift in Sources */,
				849919FC2C07AEC700880B06 /* GamesCreationView.swift in Sources */,
				8404F67F2C072EA3000B6A09 /* PracticeCell.swift in Sources */,
				8404F6272C00C9C4000B6A09 /* SettingsView.swift in Sources */,
				8404F65A2C04D9E2000B6A09 /* ImageExtension.swift in Sources */,
				843CCB432C0768A500BFFC08 /* PlannerDeteilView.swift in Sources */,
				8404F6182C00C854000B6A09 /* NavigationVC.swift in Sources */,
				8404F6532C04CF04000B6A09 /* PlannerView.swift in Sources */,
				8404F64D2C04CB57000B6A09 /* Keys.swift in Sources */,
				8404F6762C061D87000B6A09 /* BestPracticeViewModel.swift in Sources */,
				8404F6372C04B93C000B6A09 /* OnBoardingViewModel.swift in Sources */,
				8404F6212C00C91E000B6A09 /* TabViewVC.swift in Sources */,
				8404F5FF2C00C53F000B6A09 /* ColorExtension.swift in Sources */,
				8404F62B2C00CA1A000B6A09 /* SpinnerView.swift in Sources */,
				849919FA2C07ADF800880B06 /* GamesCreationViewModel.swift in Sources */,
				8404F6782C061E7B000B6A09 /* PracticeType.swift in Sources */,
				8404F6232C00C9A9000B6A09 /* PreloaderView.swift in Sources */,
				8404F64A2C04CA81000B6A09 /* AppData.swift in Sources */,
				843CCB372C074EE500BFFC08 /* SavedView.swift in Sources */,
				8404F6672C06034A000B6A09 /* CoachDetailViewModel.swift in Sources */,
				843CCB352C074D8000BFFC08 /* SavedViewModel.swift in Sources */,
				8404F6512C04CEC1000B6A09 /* CoachView.swift in Sources */,
			);
			runOnlyForDeploymentPostprocessing = 0;
		};
/* End PBXSourcesBuildPhase section */

/* Begin PBXVariantGroup section */
		8404F5F02C00BBBB000B6A09 /* LaunchScreen.storyboard */ = {
			isa = PBXVariantGroup;
			children = (
				8404F5F12C00BBBB000B6A09 /* Base */,
			);
			name = LaunchScreen.storyboard;
			sourceTree = "<group>";
		};
/* End PBXVariantGroup section */

/* Begin XCBuildConfiguration section */
		8404F5F42C00BBBB000B6A09 /* Debug */ = {
			isa = XCBuildConfiguration;
			buildSettings = {
				ALWAYS_SEARCH_USER_PATHS = NO;
				ASSETCATALOG_COMPILER_GENERATE_SWIFT_ASSET_SYMBOL_EXTENSIONS = YES;
				CLANG_ANALYZER_NONNULL = YES;
				CLANG_ANALYZER_NUMBER_OBJECT_CONVERSION = YES_AGGRESSIVE;
				CLANG_CXX_LANGUAGE_STANDARD = "gnu++20";
				CLANG_ENABLE_MODULES = YES;
				CLANG_ENABLE_OBJC_ARC = YES;
				CLANG_ENABLE_OBJC_WEAK = YES;
				CLANG_WARN_BLOCK_CAPTURE_AUTORELEASING = YES;
				CLANG_WARN_BOOL_CONVERSION = YES;
				CLANG_WARN_COMMA = YES;
				CLANG_WARN_CONSTANT_CONVERSION = YES;
				CLANG_WARN_DEPRECATED_OBJC_IMPLEMENTATIONS = YES;
				CLANG_WARN_DIRECT_OBJC_ISA_USAGE = YES_ERROR;
				CLANG_WARN_DOCUMENTATION_COMMENTS = YES;
				CLANG_WARN_EMPTY_BODY = YES;
				CLANG_WARN_ENUM_CONVERSION = YES;
				CLANG_WARN_INFINITE_RECURSION = YES;
				CLANG_WARN_INT_CONVERSION = YES;
				CLANG_WARN_NON_LITERAL_NULL_CONVERSION = YES;
				CLANG_WARN_OBJC_IMPLICIT_RETAIN_SELF = YES;
				CLANG_WARN_OBJC_LITERAL_CONVERSION = YES;
				CLANG_WARN_OBJC_ROOT_CLASS = YES_ERROR;
				CLANG_WARN_QUOTED_INCLUDE_IN_FRAMEWORK_HEADER = YES;
				CLANG_WARN_RANGE_LOOP_ANALYSIS = YES;
				CLANG_WARN_STRICT_PROTOTYPES = YES;
				CLANG_WARN_SUSPICIOUS_MOVE = YES;
				CLANG_WARN_UNGUARDED_AVAILABILITY = YES_AGGRESSIVE;
				CLANG_WARN_UNREACHABLE_CODE = YES;
				CLANG_WARN__DUPLICATE_METHOD_MATCH = YES;
				COPY_PHASE_STRIP = NO;
				DEBUG_INFORMATION_FORMAT = dwarf;
				ENABLE_STRICT_OBJC_MSGSEND = YES;
				ENABLE_TESTABILITY = YES;
				ENABLE_USER_SCRIPT_SANDBOXING = YES;
				GCC_C_LANGUAGE_STANDARD = gnu17;
				GCC_DYNAMIC_NO_PIC = NO;
				GCC_NO_COMMON_BLOCKS = YES;
				GCC_OPTIMIZATION_LEVEL = 0;
				GCC_PREPROCESSOR_DEFINITIONS = (
					"DEBUG=1",
					"$(inherited)",
				);
				GCC_WARN_64_TO_32_BIT_CONVERSION = YES;
				GCC_WARN_ABOUT_RETURN_TYPE = YES_ERROR;
				GCC_WARN_UNDECLARED_SELECTOR = YES;
				GCC_WARN_UNINITIALIZED_AUTOS = YES_AGGRESSIVE;
				GCC_WARN_UNUSED_FUNCTION = YES;
				GCC_WARN_UNUSED_VARIABLE = YES;
				IPHONEOS_DEPLOYMENT_TARGET = 17.4;
				LOCALIZATION_PREFERS_STRING_CATALOGS = YES;
				MTL_ENABLE_DEBUG_INFO = INCLUDE_SOURCE;
				MTL_FAST_MATH = YES;
				ONLY_ACTIVE_ARCH = YES;
				SDKROOT = iphoneos;
				SWIFT_ACTIVE_COMPILATION_CONDITIONS = "DEBUG $(inherited)";
				SWIFT_OPTIMIZATION_LEVEL = "-Onone";
			};
			name = Debug;
		};
		8404F5F52C00BBBB000B6A09 /* Release */ = {
			isa = XCBuildConfiguration;
			buildSettings = {
				ALWAYS_SEARCH_USER_PATHS = NO;
				ASSETCATALOG_COMPILER_GENERATE_SWIFT_ASSET_SYMBOL_EXTENSIONS = YES;
				CLANG_ANALYZER_NONNULL = YES;
				CLANG_ANALYZER_NUMBER_OBJECT_CONVERSION = YES_AGGRESSIVE;
				CLANG_CXX_LANGUAGE_STANDARD = "gnu++20";
				CLANG_ENABLE_MODULES = YES;
				CLANG_ENABLE_OBJC_ARC = YES;
				CLANG_ENABLE_OBJC_WEAK = YES;
				CLANG_WARN_BLOCK_CAPTURE_AUTORELEASING = YES;
				CLANG_WARN_BOOL_CONVERSION = YES;
				CLANG_WARN_COMMA = YES;
				CLANG_WARN_CONSTANT_CONVERSION = YES;
				CLANG_WARN_DEPRECATED_OBJC_IMPLEMENTATIONS = YES;
				CLANG_WARN_DIRECT_OBJC_ISA_USAGE = YES_ERROR;
				CLANG_WARN_DOCUMENTATION_COMMENTS = YES;
				CLANG_WARN_EMPTY_BODY = YES;
				CLANG_WARN_ENUM_CONVERSION = YES;
				CLANG_WARN_INFINITE_RECURSION = YES;
				CLANG_WARN_INT_CONVERSION = YES;
				CLANG_WARN_NON_LITERAL_NULL_CONVERSION = YES;
				CLANG_WARN_OBJC_IMPLICIT_RETAIN_SELF = YES;
				CLANG_WARN_OBJC_LITERAL_CONVERSION = YES;
				CLANG_WARN_OBJC_ROOT_CLASS = YES_ERROR;
				CLANG_WARN_QUOTED_INCLUDE_IN_FRAMEWORK_HEADER = YES;
				CLANG_WARN_RANGE_LOOP_ANALYSIS = YES;
				CLANG_WARN_STRICT_PROTOTYPES = YES;
				CLANG_WARN_SUSPICIOUS_MOVE = YES;
				CLANG_WARN_UNGUARDED_AVAILABILITY = YES_AGGRESSIVE;
				CLANG_WARN_UNREACHABLE_CODE = YES;
				CLANG_WARN__DUPLICATE_METHOD_MATCH = YES;
				COPY_PHASE_STRIP = NO;
				DEBUG_INFORMATION_FORMAT = "dwarf-with-dsym";
				ENABLE_NS_ASSERTIONS = NO;
				ENABLE_STRICT_OBJC_MSGSEND = YES;
				ENABLE_USER_SCRIPT_SANDBOXING = YES;
				GCC_C_LANGUAGE_STANDARD = gnu17;
				GCC_NO_COMMON_BLOCKS = YES;
				GCC_WARN_64_TO_32_BIT_CONVERSION = YES;
				GCC_WARN_ABOUT_RETURN_TYPE = YES_ERROR;
				GCC_WARN_UNDECLARED_SELECTOR = YES;
				GCC_WARN_UNINITIALIZED_AUTOS = YES_AGGRESSIVE;
				GCC_WARN_UNUSED_FUNCTION = YES;
				GCC_WARN_UNUSED_VARIABLE = YES;
				IPHONEOS_DEPLOYMENT_TARGET = 17.4;
				LOCALIZATION_PREFERS_STRING_CATALOGS = YES;
				MTL_ENABLE_DEBUG_INFO = NO;
				MTL_FAST_MATH = YES;
				SDKROOT = iphoneos;
				SWIFT_COMPILATION_MODE = wholemodule;
				VALIDATE_PRODUCT = YES;
			};
			name = Release;
		};
		8404F5F72C00BBBB000B6A09 /* Debug */ = {
			isa = XCBuildConfiguration;
			buildSettings = {
				ASSETCATALOG_COMPILER_APPICON_NAME = AppIcon;
				ASSETCATALOG_COMPILER_GLOBAL_ACCENT_COLOR_NAME = AccentColor;
				CODE_SIGN_STYLE = Automatic;
				CURRENT_PROJECT_VERSION = 1;
				GENERATE_INFOPLIST_FILE = YES;
				INFOPLIST_FILE = "Ball Master/Info.plist";
				INFOPLIST_KEY_UIApplicationSupportsIndirectInputEvents = YES;
				INFOPLIST_KEY_UILaunchStoryboardName = LaunchScreen;
				INFOPLIST_KEY_UIMainStoryboardFile = "";
				INFOPLIST_KEY_UISupportedInterfaceOrientations = UIInterfaceOrientationPortrait;
				INFOPLIST_KEY_UISupportedInterfaceOrientations_iPad = "UIInterfaceOrientationLandscapeLeft UIInterfaceOrientationLandscapeRight UIInterfaceOrientationPortrait UIInterfaceOrientationPortraitUpsideDown";
				IPHONEOS_DEPLOYMENT_TARGET = 16.0;
				LD_RUNPATH_SEARCH_PATHS = (
					"$(inherited)",
					"@executable_path/Frameworks",
				);
				MARKETING_VERSION = 1.0;
				PRODUCT_BUNDLE_IDENTIFIER = "com.Ball-Master";
				PRODUCT_NAME = "$(TARGET_NAME)";
				SUPPORTED_PLATFORMS = "iphoneos iphonesimulator";
				SUPPORTS_MACCATALYST = NO;
				SUPPORTS_MAC_DESIGNED_FOR_IPHONE_IPAD = NO;
				SUPPORTS_XR_DESIGNED_FOR_IPHONE_IPAD = NO;
				SWIFT_EMIT_LOC_STRINGS = YES;
				SWIFT_VERSION = 5.0;
				TARGETED_DEVICE_FAMILY = 1;
			};
			name = Debug;
		};
		8404F5F82C00BBBB000B6A09 /* Release */ = {
			isa = XCBuildConfiguration;
			buildSettings = {
				ASSETCATALOG_COMPILER_APPICON_NAME = AppIcon;
				ASSETCATALOG_COMPILER_GLOBAL_ACCENT_COLOR_NAME = AccentColor;
				CODE_SIGN_STYLE = Automatic;
				CURRENT_PROJECT_VERSION = 1;
				GENERATE_INFOPLIST_FILE = YES;
				INFOPLIST_FILE = "Ball Master/Info.plist";
				INFOPLIST_KEY_UIApplicationSupportsIndirectInputEvents = YES;
				INFOPLIST_KEY_UILaunchStoryboardName = LaunchScreen;
				INFOPLIST_KEY_UIMainStoryboardFile = "";
				INFOPLIST_KEY_UISupportedInterfaceOrientations = UIInterfaceOrientationPortrait;
				INFOPLIST_KEY_UISupportedInterfaceOrientations_iPad = "UIInterfaceOrientationLandscapeLeft UIInterfaceOrientationLandscapeRight UIInterfaceOrientationPortrait UIInterfaceOrientationPortraitUpsideDown";
				IPHONEOS_DEPLOYMENT_TARGET = 16.0;
				LD_RUNPATH_SEARCH_PATHS = (
					"$(inherited)",
					"@executable_path/Frameworks",
				);
				MARKETING_VERSION = 1.0;
				PRODUCT_BUNDLE_IDENTIFIER = "com.Ball-Master";
				PRODUCT_NAME = "$(TARGET_NAME)";
				SUPPORTED_PLATFORMS = "iphoneos iphonesimulator";
				SUPPORTS_MACCATALYST = NO;
				SUPPORTS_MAC_DESIGNED_FOR_IPHONE_IPAD = NO;
				SUPPORTS_XR_DESIGNED_FOR_IPHONE_IPAD = NO;
				SWIFT_EMIT_LOC_STRINGS = YES;
				SWIFT_VERSION = 5.0;
				TARGETED_DEVICE_FAMILY = 1;
			};
			name = Release;
		};
/* End XCBuildConfiguration section */

/* Begin XCConfigurationList section */
		8404F5DD2C00BBB9000B6A09 /* Build configuration list for PBXProject "Ball Master" */ = {
			isa = XCConfigurationList;
			buildConfigurations = (
				8404F5F42C00BBBB000B6A09 /* Debug */,
				8404F5F52C00BBBB000B6A09 /* Release */,
			);
			defaultConfigurationIsVisible = 0;
			defaultConfigurationName = Release;
		};
		8404F5F62C00BBBB000B6A09 /* Build configuration list for PBXNativeTarget "Ball Master" */ = {
			isa = XCConfigurationList;
			buildConfigurations = (
				8404F5F72C00BBBB000B6A09 /* Debug */,
				8404F5F82C00BBBB000B6A09 /* Release */,
			);
			defaultConfigurationIsVisible = 0;
			defaultConfigurationName = Release;
		};
/* End XCConfigurationList section */

/* Begin XCRemoteSwiftPackageReference section */
		843CCB4E2C079FF900BFFC08 /* XCRemoteSwiftPackageReference "SwiftMessages" */ = {
			isa = XCRemoteSwiftPackageReference;
			repositoryURL = "https://github.com/SwiftKickMobile/SwiftMessages";
			requirement = {
				kind = upToNextMajorVersion;
				minimumVersion = 10.0.0;
			};
		};
/* End XCRemoteSwiftPackageReference section */

/* Begin XCSwiftPackageProductDependency section */
		843CCB582C07A42C00BFFC08 /* SwiftMessages */ = {
			isa = XCSwiftPackageProductDependency;
			package = 843CCB4E2C079FF900BFFC08 /* XCRemoteSwiftPackageReference "SwiftMessages" */;
			productName = SwiftMessages;
		};
/* End XCSwiftPackageProductDependency section */
	};
	rootObject = 8404F5DA2C00BBB9000B6A09 /* Project object */;
}
